
Microsoft Visual Studio Solution File, Format Version 12.00
# Visual Studio 2013
VisualStudioVersion = 12.0.31101.0
MinimumVisualStudioVersion = 10.0.40219.1
Project("{FAE04EC0-301F-11D3-BF4B-00C04F79EFBC}") = "GetVMStatus", "GetVMStatus\GetVMStatus.csproj", "{87A1494A-491C-42E1-9458-E492C6041728}"
EndProject
Project("{FAE04EC0-301F-11D3-BF4B-00C04F79EFBC}") = "VCloudLib", "VCloudLib\VCloudLib.csproj", "{68CC3A25-4739-4A18-8B2C-2ED7502B878D}"
EndProject
Global
	GlobalSection(SolutionConfigurationPlatforms) = preSolution
		Debug|Any CPU = Debug|Any CPU
		Release|Any CPU = Release|Any CPU
	EndGlobalSection
	GlobalSection(ProjectConfigurationPlatforms) = postSolution
		{87A1494A-491C-42E1-9458-E492C6041728}.Debug|Any CPU.ActiveCfg = Debug|Any CPU
		{87A1494A-491C-42E1-9458-E492C6041728}.Debug|Any CPU.Build.0 = Debug|Any CPU
		{87A1494A-491C-42E1-9458-E492C6041728}.Release|Any CPU.ActiveCfg = Release|Any CPU
		{87A1494A-491C-42E1-9458-E492C6041728}.Release|Any CPU.Build.0 = Release|Any CPU
		{68CC3A25-4739-4A18-8B2C-2ED7502B878D}.Debug|Any CPU.ActiveCfg = Debug|Any CPU
		{68CC3A25-4739-4A18-8B2C-2ED7502B878D}.Debug|Any CPU.Build.0 = Debug|Any CPU
		{68CC3A25-4739-4A18-8B2C-2ED7502B878D}.Release|Any CPU.ActiveCfg = Release|Any CPU
		{68CC3A25-4739-4A18-8B2C-2ED7502B878D}.Release|Any CPU.Build.0 = Release|Any CPU
	EndGlobalSection
	GlobalSection(SolutionProperties) = preSolution
		HideSolutionNode = FALSE
	EndGlobalSection
EndGlobal
